Microsoft Visual Studio Solution File, Format Version 11.00
# Visual C# Express 2010
Project("{FAE04EC0-301F-11D3-BF4B-00C04F79EFBC}") = "TeaTimer", "TeaTimer\TeaTimer.csproj", "{99F8F454-F1A5-433B-9570-F9DC2E78EF7A}"
EndProject
Project("{54435603-DBB4-11D2-8724-00A0C9A8B90C}") = "TeaTimerInstaller", "TeaTimerInstaller\TeaTimerInstaller.vdproj", "{A5695FAE-6442-44CE-96F5-146212AC2DEA}"
EndProject
Global
	GlobalSection(SolutionConfigurationPlatforms) = preSolution
		Debug|Any CPU = Debug|Any CPU
		Release|Any CPU = Release|Any CPU
	EndGlobalSection
	GlobalSection(ProjectConfigurationPlatforms) = postSolution
		{99F8F454-F1A5-433B-9570-F9DC2E78EF7A}.Debug|Any CPU.ActiveCfg = Debug|Any CPU
		{99F8F454-F1A5-433B-9570-F9DC2E78EF7A}.Debug|Any CPU.Build.0 = Debug|Any CPU
		{99F8F454-F1A5-433B-9570-F9DC2E78EF7A}.Release|Any CPU.ActiveCfg = Release|Any CPU
		{99F8F454-F1A5-433B-9570-F9DC2E78EF7A}.Release|Any CPU.Build.0 = Release|Any CPU
		{A5695FAE-6442-44CE-96F5-146212AC2DEA}.Debug|Any CPU.ActiveCfg = Debug
		{A5695FAE-6442-44CE-96F5-146212AC2DEA}.Release|Any CPU.ActiveCfg = Release
	EndGlobalSection
	GlobalSection(SolutionProperties) = preSolution
		HideSolutionNode = FALSE
	EndGlobalSection
EndGlobal
